
Microsoft Visual Studio Solution File, Format Version 12.00
# Visual Studio 15
VisualStudioVersion = 15.0.28010.2036
MinimumVisualStudioVersion = 10.0.40219.1
Project("{FAE04EC0-301F-11D3-BF4B-00C04F79EFBC}") = "LxcLibrary.M3u8Download", "LxcLibrary.M3u8Download\LxcLibrary.M3u8Download.csproj", "{63774CED-8E30-4F06-92BE-97CA26E72BA2}"
EndProject
Project("{FAE04EC0-301F-11D3-BF4B-00C04F79EFBC}") = "LxcLibrary.M3u8Console", "LxcLibrary.M3u8Console\LxcLibrary.M3u8Console.csproj", "{01ED9FC5-C1A3-479E-9060-66C629B449E3}"
EndProject
Global
	GlobalSection(SolutionConfigurationPlatforms) = preSolution
		Debug|Any CPU = Debug|Any CPU
		Release|Any CPU = Release|Any CPU
	EndGlobalSection
	GlobalSection(ProjectConfigurationPlatforms) = postSolution
		{63774CED-8E30-4F06-92BE-97CA26E72BA2}.Debug|Any CPU.ActiveCfg = Debug|Any CPU
		{63774CED-8E30-4F06-92BE-97CA26E72BA2}.Debug|Any CPU.Build.0 = Debug|Any CPU
		{63774CED-8E30-4F06-92BE-97CA26E72BA2}.Release|Any CPU.ActiveCfg = Release|Any CPU
		{63774CED-8E30-4F06-92BE-97CA26E72BA2}.Release|Any CPU.Build.0 = Release|Any CPU
		{01ED9FC5-C1A3-479E-9060-66C629B449E3}.Debug|Any CPU.ActiveCfg = Debug|Any CPU
		{01ED9FC5-C1A3-479E-9060-66C629B449E3}.Debug|Any CPU.Build.0 = Debug|Any CPU
		{01ED9FC5-C1A3-479E-9060-66C629B449E3}.Release|Any CPU.ActiveCfg = Release|Any CPU
		{01ED9FC5-C1A3-479E-9060-66C629B449E3}.Release|Any CPU.Build.0 = Release|Any CPU
	EndGlobalSection
	GlobalSection(SolutionProperties) = preSolution
		HideSolutionNode = FALSE
	EndGlobalSection
	GlobalSection(ExtensibilityGlobals) = postSolution
		SolutionGuid = {C6484CB3-E782-45F2-8C53-27C7C25C8D7E}
	EndGlobalSection
EndGlobal
